
Microsoft Visual Studio Solution File, Format Version 12.00
# Visual Studio Version 16
VisualStudioVersion = 16.0.29709.97
MinimumVisualStudioVersion = 10.0.40219.1
Project("{2150E333-8FDC-42A3-9474-1A3956D46DE8}") = "src", "src", "{109C1369-79C7-45D5-B91F-5427CD52C9F1}"
EndProject
Project("{9A19103F-16F7-4668-BE54-9A1E7A4F7556}") = "Fusap.Common.Model", "src\Fusap.Common.Model\Fusap.Common.Model.csproj", "{103BB4FF-A74E-4D92-9C08-1908924444B3}"
EndProject
Project("{2150E333-8FDC-42A3-9474-1A3956D46DE8}") = "tests", "tests", "{5F3BD626-48BC-433D-9BA9-4F603E59C164}"
EndProject
Project("{9A19103F-16F7-4668-BE54-9A1E7A4F7556}") = "Fusap.Common.Model.Tests", "tests\Fusap.Common.Model.Tests\Fusap.Common.Model.Tests.csproj", "{7E3F53B0-D919-48A4-88E2-8FDF16D58C1A}"
EndProject
Project("{2150E333-8FDC-42A3-9474-1A3956D46DE8}") = "Solution Items", "Solution Items", "{F5996956-6DAC-4773-A598-FE40B65ADB8C}"
	ProjectSection(SolutionItems) = preProject
		.editorconfig = .editorconfig
	EndProjectSection
EndProject
Global
	GlobalSection(SolutionConfigurationPlatforms) = preSolution
		Debug|Any CPU = Debug|Any CPU
		Release|Any CPU = Release|Any CPU
	EndGlobalSection
	GlobalSection(ProjectConfigurationPlatforms) = postSolution
		{103BB4FF-A74E-4D92-9C08-1908924444B3}.Debug|Any CPU.ActiveCfg = Debug|Any CPU
		{103BB4FF-A74E-4D92-9C08-1908924444B3}.Debug|Any CPU.Build.0 = Debug|Any CPU
		{103BB4FF-A74E-4D92-9C08-1908924444B3}.Release|Any CPU.ActiveCfg = Release|Any CPU
		{103BB4FF-A74E-4D92-9C08-1908924444B3}.Release|Any CPU.Build.0 = Release|Any CPU
		{7E3F53B0-D919-48A4-88E2-8FDF16D58C1A}.Debug|Any CPU.ActiveCfg = Debug|Any CPU
		{7E3F53B0-D919-48A4-88E2-8FDF16D58C1A}.Debug|Any CPU.Build.0 = Debug|Any CPU
		{7E3F53B0-D919-48A4-88E2-8FDF16D58C1A}.Release|Any CPU.ActiveCfg = Release|Any CPU
		{7E3F53B0-D919-48A4-88E2-8FDF16D58C1A}.Release|Any CPU.Build.0 = Release|Any CPU
	EndGlobalSection
	GlobalSection(SolutionProperties) = preSolution
		HideSolutionNode = FALSE
	EndGlobalSection
	GlobalSection(NestedProjects) = preSolution
		{103BB4FF-A74E-4D92-9C08-1908924444B3} = {109C1369-79C7-45D5-B91F-5427CD52C9F1}
		{7E3F53B0-D919-48A4-88E2-8FDF16D58C1A} = {5F3BD626-48BC-433D-9BA9-4F603E59C164}
	EndGlobalSection
	GlobalSection(ExtensibilityGlobals) = postSolution
		SolutionGuid = {C24C0871-3A08-4004-A700-59E6D27D2CD3}
	EndGlobalSection
EndGlobal
